
Microsoft Visual Studio Solution File, Format Version 11.00
# Visual Studio 2010
Project("{FAE04EC0-301F-11D3-BF4B-00C04F79EFBC}") = "DK_DauGia2", "DK_DauGia2\DK_DauGia2.csproj", "{F748843A-D564-4E72-A665-732851FC9893}"
EndProject
Global
	GlobalSection(SolutionConfigurationPlatforms) = preSolution
		Debug|Any CPU = Debug|Any CPU
		Release|Any CPU = Release|Any CPU
	EndGlobalSection
	GlobalSection(ProjectConfigurationPlatforms) = postSolution
		{F748843A-D564-4E72-A665-732851FC9893}.Debug|Any CPU.ActiveCfg = Debug|Any CPU
		{F748843A-D564-4E72-A665-732851FC9893}.Debug|Any CPU.Build.0 = Debug|Any CPU
		{F748843A-D564-4E72-A665-732851FC9893}.Release|Any CPU.ActiveCfg = Release|Any CPU
		{F748843A-D564-4E72-A665-732851FC9893}.Release|Any CPU.Build.0 = Release|Any CPU
	EndGlobalSection
	GlobalSection(SolutionProperties) = preSolution
		HideSolutionNode = FALSE
	EndGlobalSection
EndGlobal
